// !$*UTF8*$!
{
	archiveVersion = 1;
	classes = {
	};
	objectVersion = 56;
	objects = {

/* Begin PBXBuildFile section */
		B84120AF2C35E14A00469710 /* Credits.rtf in Resources */ = {isa = PBXBuildFile; fileRef = B84120AE2C35E14A00469710 /* Credits.rtf */; };
		B84754FC2BCFF6690048ADD6 /* GraphEdge.swift in Sources */ = {isa = PBXBuildFile; fileRef = B84754F62BCFF6690048ADD6 /* GraphEdge.swift */; };
		B84754FD2BCFF6690048ADD6 /* GraphHalo.swift in Sources */ = {isa = PBXBuildFile; fileRef = B84754F72BCFF6690048ADD6 /* GraphHalo.swift */; };
		B84754FE2BCFF6690048ADD6 /* GraphNode.swift in Sources */ = {isa = PBXBuildFile; fileRef = B84754F82BCFF6690048ADD6 /* GraphNode.swift */; };
		B84754FF2BCFF6690048ADD6 /* GraphNodeShape.swift in Sources */ = {isa = PBXBuildFile; fileRef = B84754F92BCFF6690048ADD6 /* GraphNodeShape.swift */; };
		B84755002BCFF6690048ADD6 /* GraphView.swift in Sources */ = {isa = PBXBuildFile; fileRef = B84754FA2BCFF6690048ADD6 /* GraphView.swift */; };
		B84755022BCFF9180048ADD6 /* FruchtermanReingold.swift in Sources */ = {isa = PBXBuildFile; fileRef = B84755012BCFF9180048ADD6 /* FruchtermanReingold.swift */; };
		B84A06502B99EC95003C06A8 /* ELOmodel.swift in Sources */ = {isa = PBXBuildFile; fileRef = B84A064F2B99EC95003C06A8 /* ELOmodel.swift */; };
		B84A06522B99ECC3003C06A8 /* ELOlogic.swift in Sources */ = {isa = PBXBuildFile; fileRef = B84A06512B99ECC3003C06A8 /* ELOlogic.swift */; };
		B89E070D2B987B0E00B52111 /* ELOApp.swift in Sources */ = {isa = PBXBuildFile; fileRef = B89E070C2B987B0E00B52111 /* ELOApp.swift */; };
		B89E070F2B987B0E00B52111 /* ELOMainView.swift in Sources */ = {isa = PBXBuildFile; fileRef = B89E070E2B987B0E00B52111 /* ELOMainView.swift */; };
		B89E07112B987B0F00B52111 /* Assets.xcassets in Resources */ = {isa = PBXBuildFile; fileRef = B89E07102B987B0F00B52111 /* Assets.xcassets */; };
		B89E07142B987B0F00B52111 /* Preview Assets.xcassets in Resources */ = {isa = PBXBuildFile; fileRef = B89E07132B987B0F00B52111 /* Preview Assets.xcassets */; };
		B89E071C2B987C0100B52111 /* ELOViewModel.swift in Sources */ = {isa = PBXBuildFile; fileRef = B89E071B2B987C0100B52111 /* ELOViewModel.swift */; };
		B8FD1B952CA6E6DF00142692 /* ItemView.swift in Sources */ = {isa = PBXBuildFile; fileRef = B8FD1B942CA6E6DF00142692 /* ItemView.swift */; };
/* End PBXBuildFile section */

/* Begin PBXFileReference section */
		B84120AE2C35E14A00469710 /* Credits.rtf */ = {isa = PBXFileReference; lastKnownFileType = text.rtf; path = Credits.rtf; sourceTree = "<group>"; };
		B84754F62BCFF6690048ADD6 /* GraphEdge.swift */ = {isa = PBXFileReference; fileEncoding = 4; lastKnownFileType = sourcecode.swift; path = GraphEdge.swift; sourceTree = "<group>"; };
		B84754F72BCFF6690048ADD6 /* GraphHalo.swift */ = {isa = PBXFileReference; fileEncoding = 4; lastKnownFileType = sourcecode.swift; path = GraphHalo.swift; sourceTree = "<group>"; };
		B84754F82BCFF6690048ADD6 /* GraphNode.swift */ = {isa = PBXFileReference; fileEncoding = 4; lastKnownFileType = sourcecode.swift; path = GraphNode.swift; sourceTree = "<group>"; };
		B84754F92BCFF6690048ADD6 /* GraphNodeShape.swift */ = {isa = PBXFileReference; fileEncoding = 4; lastKnownFileType = sourcecode.swift; path = GraphNodeShape.swift; sourceTree = "<group>"; };
		B84754FA2BCFF6690048ADD6 /* GraphView.swift */ = {isa = PBXFileReference; fileEncoding = 4; lastKnownFileType = sourcecode.swift; path = GraphView.swift; sourceTree = "<group>"; };
		B84755012BCFF9180048ADD6 /* FruchtermanReingold.swift */ = {isa = PBXFileReference; fileEncoding = 4; lastKnownFileType = sourcecode.swift; name = FruchtermanReingold.swift; path = ELO/FruchtermanReingold.swift; sourceTree = "<group>"; };
		B84A064F2B99EC95003C06A8 /* ELOmodel.swift */ = {isa = PBXFileReference; lastKnownFileType = sourcecode.swift; path = ELOmodel.swift; sourceTree = "<group>"; };
		B84A06512B99ECC3003C06A8 /* ELOlogic.swift */ = {isa = PBXFileReference; lastKnownFileType = sourcecode.swift; path = ELOlogic.swift; sourceTree = "<group>"; };
		B87EFC772BFDF99300165F1E /* oldcode.swift */ = {isa = PBXFileReference; lastKnownFileType = sourcecode.swift; path = oldcode.swift; sourceTree = "<group>"; };
		B89E07092B987B0E00B52111 /* ELO.app */ = {isa = PBXFileReference; explicitFileType = wrapper.application; includeInIndex = 0; path = ELO.app; sourceTree = BUILT_PRODUCTS_DIR; };
		B89E070C2B987B0E00B52111 /* ELOApp.swift */ = {isa = PBXFileReference; lastKnownFileType = sourcecode.swift; path = ELOApp.swift; sourceTree = "<group>"; };
		B89E070E2B987B0E00B52111 /* ELOMainView.swift */ = {isa = PBXFileReference; lastKnownFileType = sourcecode.swift; path = ELOMainView.swift; sourceTree = "<group>"; };
		B89E07102B987B0F00B52111 /* Assets.xcassets */ = {isa = PBXFileReference; lastKnownFileType = folder.assetcatalog; path = Assets.xcassets; sourceTree = "<group>"; };
		B89E07132B987B0F00B52111 /* Preview Assets.xcassets */ = {isa = PBXFileReference; lastKnownFileType = folder.assetcatalog; path = "Preview Assets.xcassets"; sourceTree = "<group>"; };
		B89E07152B987B0F00B52111 /* ELO.entitlements */ = {isa = PBXFileReference; lastKnownFileType = text.plist.entitlements; path = ELO.entitlements; sourceTree = "<group>"; };
		B89E071B2B987C0100B52111 /* ELOViewModel.swift */ = {isa = PBXFileReference; lastKnownFileType = sourcecode.swift; path = ELOViewModel.swift; sourceTree = "<group>"; };
		B8FD1B942CA6E6DF00142692 /* ItemView.swift */ = {isa = PBXFileReference; lastKnownFileType = sourcecode.swift; path = ItemView.swift; sourceTree = "<group>"; };
/* End PBXFileReference section */

/* Begin PBXFrameworksBuildPhase section */
		B89E07062B987B0E00B52111 /* Frameworks */ = {
			isa = PBXFrameworksBuildPhase;
			buildActionMask = 2147483647;
			files = (
			);
			runOnlyForDeploymentPostprocessing = 0;
		};
/* End PBXFrameworksBuildPhase section */

/* Begin PBXGroup section */
		B84754FB2BCFF6690048ADD6 /* GraphView */ = {
			isa = PBXGroup;
			children = (
				B84754F62BCFF6690048ADD6 /* GraphEdge.swift */,
				B84754F72BCFF6690048ADD6 /* GraphHalo.swift */,
				B84754F82BCFF6690048ADD6 /* GraphNode.swift */,
				B84754F92BCFF6690048ADD6 /* GraphNodeShape.swift */,
				B84754FA2BCFF6690048ADD6 /* GraphView.swift */,
			);
			name = GraphView;
			path = ELO/GraphView;
			sourceTree = "<group>";
		};
		B89E07002B987B0E00B52111 = {
			isa = PBXGroup;
			children = (
				B84120AE2C35E14A00469710 /* Credits.rtf */,
				B84755012BCFF9180048ADD6 /* FruchtermanReingold.swift */,
				B84754FB2BCFF6690048ADD6 /* GraphView */,
				B89E070B2B987B0E00B52111 /* ELO */,
				B89E070A2B987B0E00B52111 /* Products */,
			);
			sourceTree = "<group>";
		};
		B89E070A2B987B0E00B52111 /* Products */ = {
			isa = PBXGroup;
			children = (
				B89E07092B987B0E00B52111 /* ELO.app */,
			);
			name = Products;
			sourceTree = "<group>";
		};
		B89E070B2B987B0E00B52111 /* ELO */ = {
			isa = PBXGroup;
			children = (
				B89E070E2B987B0E00B52111 /* ELOMainView.swift */,
				B8FD1B942CA6E6DF00142692 /* ItemView.swift */,
				B89E071B2B987C0100B52111 /* ELOViewModel.swift */,
				B84A064F2B99EC95003C06A8 /* ELOmodel.swift */,
				B89E070C2B987B0E00B52111 /* ELOApp.swift */,
				B84A06512B99ECC3003C06A8 /* ELOlogic.swift */,
				B87EFC772BFDF99300165F1E /* oldcode.swift */,
				B89E07102B987B0F00B52111 /* Assets.xcassets */,
				B89E07152B987B0F00B52111 /* ELO.entitlements */,
				B89E07122B987B0F00B52111 /* Preview Content */,
			);
			path = ELO;
			sourceTree = "<group>";
		};
		B89E07122B987B0F00B52111 /* Preview Content */ = {
			isa = PBXGroup;
			children = (
				B89E07132B987B0F00B52111 /* Preview Assets.xcassets */,
			);
			path = "Preview Content";
			sourceTree = "<group>";
		};
/* End PBXGroup section */

/* Begin PBXNativeTarget section */
		B89E07082B987B0E00B52111 /* ELO */ = {
			isa = PBXNativeTarget;
			buildConfigurationList = B89E07182B987B0F00B52111 /* Build configuration list for PBXNativeTarget "ELO" */;
			buildPhases = (
				B89E07052B987B0E00B52111 /* Sources */,
				B89E07062B987B0E00B52111 /* Frameworks */,
				B89E07072B987B0E00B52111 /* Resources */,
			);
			buildRules = (
			);
			dependencies = (
			);
			name = ELO;
			productName = ELO;
			productReference = B89E07092B987B0E00B52111 /* ELO.app */;
			productType = "com.apple.product-type.application";
		};
/* End PBXNativeTarget section */

/* Begin PBXProject section */
		B89E07012B987B0E00B52111 /* Project object */ = {
			isa = PBXProject;
			attributes = {
				BuildIndependentTargetsInParallel = 1;
				LastSwiftUpdateCheck = 1530;
				LastUpgradeCheck = 1540;
				TargetAttributes = {
					B89E07082B987B0E00B52111 = {
						CreatedOnToolsVersion = 15.3;
					};
				};
			};
			buildConfigurationList = B89E07042B987B0E00B52111 /* Build configuration list for PBXProject "ELO" */;
			compatibilityVersion = "Xcode 14.0";
			developmentRegion = en;
			hasScannedForEncodings = 0;
			knownRegions = (
				en,
				Base,
			);
			mainGroup = B89E07002B987B0E00B52111;
			productRefGroup = B89E070A2B987B0E00B52111 /* Products */;
			projectDirPath = "";
			projectRoot = "";
			targets = (
				B89E07082B987B0E00B52111 /* ELO */,
			);
		};
/* End PBXProject section */

/* Begin PBXResourcesBuildPhase section */
		B89E07072B987B0E00B52111 /* Resources */ = {
			isa = PBXResourcesBuildPhase;
			buildActionMask = 2147483647;
			files = (
				B89E07142B987B0F00B52111 /* Preview Assets.xcassets in Resources */,
				B84120AF2C35E14A00469710 /* Credits.rtf in Resources */,
				B89E07112B987B0F00B52111 /* Assets.xcassets in Resources */,
			);
			runOnlyForDeploymentPostprocessing = 0;
		};
/* End PBXResourcesBuildPhase section */

/* Begin PBXSourcesBuildPhase section */
		B89E07052B987B0E00B52111 /* Sources */ = {
			isa = PBXSourcesBuildPhase;
			buildActionMask = 2147483647;
			files = (
				B84A06522B99ECC3003C06A8 /* ELOlogic.swift in Sources */,
				B84755002BCFF6690048ADD6 /* GraphView.swift in Sources */,
				B84754FD2BCFF6690048ADD6 /* GraphHalo.swift in Sources */,
				B84754FF2BCFF6690048ADD6 /* GraphNodeShape.swift in Sources */,
				B89E070F2B987B0E00B52111 /* ELOMainView.swift in Sources */,
				B89E071C2B987C0100B52111 /* ELOViewModel.swift in Sources */,
				B84A06502B99EC95003C06A8 /* ELOmodel.swift in Sources */,
				B8FD1B952CA6E6DF00142692 /* ItemView.swift in Sources */,
				B84755022BCFF9180048ADD6 /* FruchtermanReingold.swift in Sources */,
				B89E070D2B987B0E00B52111 /* ELOApp.swift in Sources */,
				B84754FE2BCFF6690048ADD6 /* GraphNode.swift in Sources */,
				B84754FC2BCFF6690048ADD6 /* GraphEdge.swift in Sources */,
			);
			runOnlyForDeploymentPostprocessing = 0;
		};
/* End PBXSourcesBuildPhase section */

/* Begin XCBuildConfiguration section */
		B89E07162B987B0F00B52111 /* Debug */ = {
			isa = XCBuildConfiguration;
			buildSettings = {
				ALWAYS_SEARCH_USER_PATHS = NO;
				ASSETCATALOG_COMPILER_GENERATE_SWIFT_ASSET_SYMBOL_EXTENSIONS = YES;
				CLANG_ANALYZER_NONNULL = YES;
				CLANG_ANALYZER_NUMBER_OBJECT_CONVERSION = YES_AGGRESSIVE;
				CLANG_CXX_LANGUAGE_STANDARD = "gnu++20";
				CLANG_ENABLE_MODULES = YES;
				CLANG_ENABLE_OBJC_ARC = YES;
				CLANG_ENABLE_OBJC_WEAK = YES;
				CLANG_WARN_BLOCK_CAPTURE_AUTORELEASING = YES;
				CLANG_WARN_BOOL_CONVERSION = YES;
				CLANG_WARN_COMMA = YES;
				CLANG_WARN_CONSTANT_CONVERSION = YES;
				CLANG_WARN_DEPRECATED_OBJC_IMPLEMENTATIONS = YES;
				CLANG_WARN_DIRECT_OBJC_ISA_USAGE = YES_ERROR;
				CLANG_WARN_DOCUMENTATION_COMMENTS = YES;
				CLANG_WARN_EMPTY_BODY = YES;
				CLANG_WARN_ENUM_CONVERSION = YES;
				CLANG_WARN_INFINITE_RECURSION = YES;
				CLANG_WARN_INT_CONVERSION = YES;
				CLANG_WARN_NON_LITERAL_NULL_CONVERSION = YES;
				CLANG_WARN_OBJC_IMPLICIT_RETAIN_SELF = YES;
				CLANG_WARN_OBJC_LITERAL_CONVERSION = YES;
				CLANG_WARN_OBJC_ROOT_CLASS = YES_ERROR;
				CLANG_WARN_QUOTED_INCLUDE_IN_FRAMEWORK_HEADER = YES;
				CLANG_WARN_RANGE_LOOP_ANALYSIS = YES;
				CLANG_WARN_STRICT_PROTOTYPES = YES;
				CLANG_WARN_SUSPICIOUS_MOVE = YES;
				CLANG_WARN_UNGUARDED_AVAILABILITY = YES_AGGRESSIVE;
				CLANG_WARN_UNREACHABLE_CODE = YES;
				CLANG_WARN__DUPLICATE_METHOD_MATCH = YES;
				COPY_PHASE_STRIP = NO;
				DEAD_CODE_STRIPPING = YES;
				DEBUG_INFORMATION_FORMAT = dwarf;
				ENABLE_STRICT_OBJC_MSGSEND = YES;
				ENABLE_TESTABILITY = YES;
				ENABLE_USER_SCRIPT_SANDBOXING = YES;
				GCC_C_LANGUAGE_STANDARD = gnu17;
				GCC_DYNAMIC_NO_PIC = NO;
				GCC_NO_COMMON_BLOCKS = YES;
				GCC_OPTIMIZATION_LEVEL = 0;
				GCC_PREPROCESSOR_DEFINITIONS = (
					"DEBUG=1",
					"$(inherited)",
				);
				GCC_WARN_64_TO_32_BIT_CONVERSION = YES;
				GCC_WARN_ABOUT_RETURN_TYPE = YES_ERROR;
				GCC_WARN_UNDECLARED_SELECTOR = YES;
				GCC_WARN_UNINITIALIZED_AUTOS = YES_AGGRESSIVE;
				GCC_WARN_UNUSED_FUNCTION = YES;
				GCC_WARN_UNUSED_VARIABLE = YES;
				LOCALIZATION_PREFERS_STRING_CATALOGS = YES;
				MACOSX_DEPLOYMENT_TARGET = 14.3;
				MTL_ENABLE_DEBUG_INFO = INCLUDE_SOURCE;
				MTL_FAST_MATH = YES;
				ONLY_ACTIVE_ARCH = YES;
				SDKROOT = macosx;
				SWIFT_ACTIVE_COMPILATION_CONDITIONS = "DEBUG $(inherited)";
				SWIFT_OPTIMIZATION_LEVEL = "-Onone";
			};
			name = Debug;
		};
		B89E07172B987B0F00B52111 /* Release */ = {
			isa = XCBuildConfiguration;
			buildSettings = {
				ALWAYS_SEARCH_USER_PATHS = NO;
				ASSETCATALOG_COMPILER_GENERATE_SWIFT_ASSET_SYMBOL_EXTENSIONS = YES;
				CLANG_ANALYZER_NONNULL = YES;
				CLANG_ANALYZER_NUMBER_OBJECT_CONVERSION = YES_AGGRESSIVE;
				CLANG_CXX_LANGUAGE_STANDARD = "gnu++20";
				CLANG_ENABLE_MODULES = YES;
				CLANG_ENABLE_OBJC_ARC = YES;
				CLANG_ENABLE_OBJC_WEAK = YES;
				CLANG_WARN_BLOCK_CAPTURE_AUTORELEASING = YES;
				CLANG_WARN_BOOL_CONVERSION = YES;
				CLANG_WARN_COMMA = YES;
				CLANG_WARN_CONSTANT_CONVERSION = YES;
				CLANG_WARN_DEPRECATED_OBJC_IMPLEMENTATIONS = YES;
				CLANG_WARN_DIRECT_OBJC_ISA_USAGE = YES_ERROR;
				CLANG_WARN_DOCUMENTATION_COMMENTS = YES;
				CLANG_WARN_EMPTY_BODY = YES;
				CLANG_WARN_ENUM_CONVERSION = YES;
				CLANG_WARN_INFINITE_RECURSION = YES;
				CLANG_WARN_INT_CONVERSION = YES;
				CLANG_WARN_NON_LITERAL_NULL_CONVERSION = YES;
				CLANG_WARN_OBJC_IMPLICIT_RETAIN_SELF = YES;
				CLANG_WARN_OBJC_LITERAL_CONVERSION = YES;
				CLANG_WARN_OBJC_ROOT_CLASS = YES_ERROR;
				CLANG_WARN_QUOTED_INCLUDE_IN_FRAMEWORK_HEADER = YES;
				CLANG_WARN_RANGE_LOOP_ANALYSIS = YES;
				CLANG_WARN_STRICT_PROTOTYPES = YES;
				CLANG_WARN_SUSPICIOUS_MOVE = YES;
				CLANG_WARN_UNGUARDED_AVAILABILITY = YES_AGGRESSIVE;
				CLANG_WARN_UNREACHABLE_CODE = YES;
				CLANG_WARN__DUPLICATE_METHOD_MATCH = YES;
				COPY_PHASE_STRIP = NO;
				DEAD_CODE_STRIPPING = YES;
				DEBUG_INFORMATION_FORMAT = "dwarf-with-dsym";
				ENABLE_NS_ASSERTIONS = NO;
				ENABLE_STRICT_OBJC_MSGSEND = YES;
				ENABLE_USER_SCRIPT_SANDBOXING = YES;
				GCC_C_LANGUAGE_STANDARD = gnu17;
				GCC_NO_COMMON_BLOCKS = YES;
				GCC_WARN_64_TO_32_BIT_CONVERSION = YES;
				GCC_WARN_ABOUT_RETURN_TYPE = YES_ERROR;
				GCC_WARN_UNDECLARED_SELECTOR = YES;
				GCC_WARN_UNINITIALIZED_AUTOS = YES_AGGRESSIVE;
				GCC_WARN_UNUSED_FUNCTION = YES;
				GCC_WARN_UNUSED_VARIABLE = YES;
				LOCALIZATION_PREFERS_STRING_CATALOGS = YES;
				MACOSX_DEPLOYMENT_TARGET = 14.3;
				MTL_ENABLE_DEBUG_INFO = NO;
				MTL_FAST_MATH = YES;
				SDKROOT = macosx;
				SWIFT_COMPILATION_MODE = wholemodule;
			};
			name = Release;
		};
		B89E07192B987B0F00B52111 /* Debug */ = {
			isa = XCBuildConfiguration;
			buildSettings = {
				ASSETCATALOG_COMPILER_APPICON_NAME = AppIcon;
				ASSETCATALOG_COMPILER_GLOBAL_ACCENT_COLOR_NAME = AccentColor;
				CODE_SIGN_ENTITLEMENTS = ELO/ELO.entitlements;
				CODE_SIGN_STYLE = Automatic;
				COMBINE_HIDPI_IMAGES = YES;
				CURRENT_PROJECT_VERSION = 9;
				DEAD_CODE_STRIPPING = YES;
				DEVELOPMENT_ASSET_PATHS = "\"ELO/Preview Content\"";
				DEVELOPMENT_TEAM = YD3HPRU5U8;
				ENABLE_HARDENED_RUNTIME = YES;
				ENABLE_PREVIEWS = YES;
				GENERATE_INFOPLIST_FILE = YES;
				INFOPLIST_KEY_LSApplicationCategoryType = "public.app-category.education";
				INFOPLIST_KEY_NSHumanReadableCopyright = "";
				LD_RUNPATH_SEARCH_PATHS = (
					"$(inherited)",
					"@executable_path/../Frameworks",
				);
				MARKETING_VERSION = 1.0;
				PRODUCT_BUNDLE_IDENTIFIER = nl.rug.ai.taatgen.ELO;
				PRODUCT_NAME = "$(TARGET_NAME)";
				SWIFT_EMIT_LOC_STRINGS = YES;
				SWIFT_VERSION = 5.0;
			};
			name = Debug;
		};
		B89E071A2B987B0F00B52111 /* Release */ = {
			isa = XCBuildConfiguration;
			buildSettings = {
				ASSETCATALOG_COMPILER_APPICON_NAME = AppIcon;
				ASSETCATALOG_COMPILER_GLOBAL_ACCENT_COLOR_NAME = AccentColor;
				CODE_SIGN_ENTITLEMENTS = ELO/ELO.entitlements;
				CODE_SIGN_STYLE = Automatic;
				COMBINE_HIDPI_IMAGES = YES;
				CURRENT_PROJECT_VERSION = 9;
				DEAD_CODE_STRIPPING = YES;
				DEVELOPMENT_ASSET_PATHS = "\"ELO/Preview Content\"";
				DEVELOPMENT_TEAM = YD3HPRU5U8;
				ENABLE_HARDENED_RUNTIME = YES;
				ENABLE_PREVIEWS = YES;
				GENERATE_INFOPLIST_FILE = YES;
				INFOPLIST_KEY_LSApplicationCategoryType = "public.app-category.education";
				INFOPLIST_KEY_NSHumanReadableCopyright = "";
				LD_RUNPATH_SEARCH_PATHS = (
					"$(inherited)",
					"@executable_path/../Frameworks",
				);
				MARKETING_VERSION = 1.0;
				PRODUCT_BUNDLE_IDENTIFIER = nl.rug.ai.taatgen.ELO;
				PRODUCT_NAME = "$(TARGET_NAME)";
				SWIFT_EMIT_LOC_STRINGS = YES;
				SWIFT_VERSION = 5.0;
			};
			name = Release;
		};
/* End XCBuildConfiguration section */

/* Begin XCConfigurationList section */
		B89E07042B987B0E00B52111 /* Build configuration list for PBXProject "ELO" */ = {
			isa = XCConfigurationList;
			buildConfigurations = (
				B89E07162B987B0F00B52111 /* Debug */,
				B89E07172B987B0F00B52111 /* Release */,
			);
			defaultConfigurationIsVisible = 0;
			defaultConfigurationName = Release;
		};
		B89E07182B987B0F00B52111 /* Build configuration list for PBXNativeTarget "ELO" */ = {
			isa = XCConfigurationList;
			buildConfigurations = (
				B89E07192B987B0F00B52111 /* Debug */,
				B89E071A2B987B0F00B52111 /* Release */,
			);
			defaultConfigurationIsVisible = 0;
			defaultConfigurationName = Release;
		};
/* End XCConfigurationList section */
	};
	rootObject = B89E07012B987B0E00B52111 /* Project object */;
}
